
Microsoft Visual Studio Solution File, Format Version 12.00
# Visual Studio 14
VisualStudioVersion = 14.0.24720.0
MinimumVisualStudioVersion = 10.0.40219.1
Project("{FAE04EC0-301F-11D3-BF4B-00C04F79EFBC}") = "CosmosKernel1", "CosmosKernel1\CosmosKernel1.csproj", "{6DC7581D-7440-48FB-BB13-A0EA1E6446E2}"
EndProject
Project("{471EC4BB-E47E-4229-A789-D1F5F83B52D4}") = "CosmosKernel1Boot", "CosmosKernel1\CosmosKernel1Boot.Cosmos", "{75A3AC36-56C0-4D06-AD9C-87C1AA2738CF}"
EndProject
Global
	GlobalSection(SolutionConfigurationPlatforms) = preSolution
		Debug|Any CPU = Debug|Any CPU
		Debug|x86 = Debug|x86
		Release|Any CPU = Release|Any CPU
		Release|x86 = Release|x86
	EndGlobalSection
	GlobalSection(ProjectConfigurationPlatforms) = postSolution
		{6DC7581D-7440-48FB-BB13-A0EA1E6446E2}.Debug|Any CPU.ActiveCfg = Debug|Any CPU
		{6DC7581D-7440-48FB-BB13-A0EA1E6446E2}.Debug|Any CPU.Build.0 = Debug|Any CPU
		{6DC7581D-7440-48FB-BB13-A0EA1E6446E2}.Debug|x86.ActiveCfg = Debug|Any CPU
		{6DC7581D-7440-48FB-BB13-A0EA1E6446E2}.Debug|x86.Build.0 = Debug|Any CPU
		{6DC7581D-7440-48FB-BB13-A0EA1E6446E2}.Release|Any CPU.ActiveCfg = Release|Any CPU
		{6DC7581D-7440-48FB-BB13-A0EA1E6446E2}.Release|Any CPU.Build.0 = Release|Any CPU
		{6DC7581D-7440-48FB-BB13-A0EA1E6446E2}.Release|x86.ActiveCfg = Release|Any CPU
		{6DC7581D-7440-48FB-BB13-A0EA1E6446E2}.Release|x86.Build.0 = Release|Any CPU
		{75A3AC36-56C0-4D06-AD9C-87C1AA2738CF}.Debug|Any CPU.ActiveCfg = Debug|x86
		{75A3AC36-56C0-4D06-AD9C-87C1AA2738CF}.Debug|Any CPU.Build.0 = Debug|x86
		{75A3AC36-56C0-4D06-AD9C-87C1AA2738CF}.Debug|x86.ActiveCfg = Debug|x86
		{75A3AC36-56C0-4D06-AD9C-87C1AA2738CF}.Debug|x86.Build.0 = Debug|x86
		{75A3AC36-56C0-4D06-AD9C-87C1AA2738CF}.Release|Any CPU.ActiveCfg = Debug|x86
		{75A3AC36-56C0-4D06-AD9C-87C1AA2738CF}.Release|Any CPU.Build.0 = Debug|x86
		{75A3AC36-56C0-4D06-AD9C-87C1AA2738CF}.Release|x86.ActiveCfg = Debug|x86
		{75A3AC36-56C0-4D06-AD9C-87C1AA2738CF}.Release|x86.Build.0 = Debug|x86
	EndGlobalSection
	GlobalSection(SolutionProperties) = preSolution
		HideSolutionNode = FALSE
	EndGlobalSection
EndGlobal
